dependencies:
- name: daemon-fluentd
  repository: http://atlas.cnct.io
  version: 0.2.0
- name: kafka
  repository: http://atlas.cnct.io
  version: 0.2.0
- name: central-fluentd
  repository: http://atlas.cnct.io
  version: 0.1.0
- name: elasticsearch
  repository: http://atlas.cnct.io
  version: 0.2.1
- name: kibana
  repository: http://atlas.cnct.io
  version: 0.1.1
digest: sha256:7892a2217e76935930fcb6702b80b539be23063327b0b72a8758c972567b2dde
generated: 2017-02-14T10:13:49.960837516-08:00
