dependencies:
- name: nginx-ingress-controller
  repository: http://charts.zonar.cnct.io
  version: 0.0.1
- name: kube-lego
  repository: http://charts.zonar.cnct.io
  version: 0.0.1
- name: jenkins-base
  repository: http://charts.zonar.cnct.io
  version: 0.0.1
- name: jenkins-ingress
  repository: http://charts.zonar.cnct.io
  version: 0.0.1
- name: service-dns-google-cloud
  repository: http://charts.zonar.cnct.io
  version: 0.0.1
digest: sha256:0a4756b18e61376973269ab65c31fdea3c600a8feb68c2580da91ff0f3cbf194
generated: 2016-12-12T01:03:03.309863711-08:00
